# This file is autogenerated, do not edit; changes may be undone by the next 'dep ensure'.


[[projects]]
  branch = "master"
  name = "github.com/golang/glog"
  packages = ["."]
  revision = "23def4e6c14b4da8ac2ed8007337bc5eb5007998"

[[projects]]
  name = "github.com/pkg/errors"
  packages = ["."]
  revision = "645ef00459ed84a119197bfb8d8205042c6df63d"
  version = "v0.8.0"

[[projects]]
  name = "github.com/theckman/go-ipdata"
  packages = ["."]
  revision = "e73d11a75eeba548b6cac8c949a37b82e52905c3"
  version = "v0.4.1"

[solve-meta]
  analyzer-name = "dep"
  analyzer-version = 1
  inputs-digest = "c161ff01580704ab0765fea06d054b05ee3dc7db91bb423f5a4120a3b6055640"
  solver-name = "gps-cdcl"
  solver-version = 1
